
Microsoft Visual Studio Solution File, Format Version 12.00
# Visual Studio Version 17
VisualStudioVersion = 17.8.34330.188
MinimumVisualStudioVersion = 10.0.40219.1
Project("{8BC9CEB8-8B4A-11D0-8D11-00A0C91BC942}") = "Send_Email_SMS", "Send_Email_SMS.vcxproj", "{D374E00A-24E1-45BF-8491-6885051D4597}"
EndProject
Global
	GlobalSection(SolutionConfigurationPlatforms) = preSolution
		Debug|x64 = Debug|x64
		Debug|x86 = Debug|x86
		Release|x64 = Release|x64
		Release|x86 = Release|x86
	EndGlobalSection
	GlobalSection(ProjectConfigurationPlatforms) = postSolution
		{D374E00A-24E1-45BF-8491-6885051D4597}.Debug|x64.ActiveCfg = Debug|x64
		{D374E00A-24E1-45BF-8491-6885051D4597}.Debug|x64.Build.0 = Debug|x64
		{D374E00A-24E1-45BF-8491-6885051D4597}.Debug|x86.ActiveCfg = Debug|Win32
		{D374E00A-24E1-45BF-8491-6885051D4597}.Debug|x86.Build.0 = Debug|Win32
		{D374E00A-24E1-45BF-8491-6885051D4597}.Release|x64.ActiveCfg = Release|x64
		{D374E00A-24E1-45BF-8491-6885051D4597}.Release|x64.Build.0 = Release|x64
		{D374E00A-24E1-45BF-8491-6885051D4597}.Release|x86.ActiveCfg = Release|Win32
		{D374E00A-24E1-45BF-8491-6885051D4597}.Release|x86.Build.0 = Release|Win32
	EndGlobalSection
	GlobalSection(SolutionProperties) = preSolution
		HideSolutionNode = FALSE
	EndGlobalSection
	GlobalSection(ExtensibilityGlobals) = postSolution
		SolutionGuid = {5478D9A6-B9BD-4C6F-BAA7-3F22732E54ED}
	EndGlobalSection
EndGlobal
